
Microsoft Visual Studio Solution File, Format Version 12.00
# Visual Studio Version 17
VisualStudioVersion = 17.1.32414.318
MinimumVisualStudioVersion = 10.0.40219.1
Project("{FAE04EC0-301F-11D3-BF4B-00C04F79EFBC}") = "Appet.Android", "Appet\Appet.Android\Appet.Android.csproj", "{59EF4195-FD04-4E24-A536-BA4A3349FFFE}"
EndProject
Project("{FAE04EC0-301F-11D3-BF4B-00C04F79EFBC}") = "Appet.iOS", "Appet\Appet.iOS\Appet.iOS.csproj", "{8B4326B3-B628-4345-8C09-2DA321AFAF00}"
EndProject
Project("{FAE04EC0-301F-11D3-BF4B-00C04F79EFBC}") = "Appet", "Appet\Appet\Appet.csproj", "{09ECD32A-1402-4E2D-B27D-A9E62DF244B2}"
EndProject
Global
	GlobalSection(SolutionConfigurationPlatforms) = preSolution
		Debug|Any CPU = Debug|Any CPU
		Debug|iPhone = Debug|iPhone
		Debug|iPhoneSimulator = Debug|iPhoneSimulator
		Release|Any CPU = Release|Any CPU
		Release|iPhone = Release|iPhone
		Release|iPhoneSimulator = Release|iPhoneSimulator
	EndGlobalSection
	GlobalSection(ProjectConfigurationPlatforms) = postSolution
		{59EF4195-FD04-4E24-A536-BA4A3349FFFE}.Debug|Any CPU.ActiveCfg = Debug|Any CPU
		{59EF4195-FD04-4E24-A536-BA4A3349FFFE}.Debug|Any CPU.Build.0 = Debug|Any CPU
		{59EF4195-FD04-4E24-A536-BA4A3349FFFE}.Debug|Any CPU.Deploy.0 = Debug|Any CPU
		{59EF4195-FD04-4E24-A536-BA4A3349FFFE}.Debug|iPhone.ActiveCfg = Debug|Any CPU
		{59EF4195-FD04-4E24-A536-BA4A3349FFFE}.Debug|iPhone.Build.0 = Debug|Any CPU
		{59EF4195-FD04-4E24-A536-BA4A3349FFFE}.Debug|iPhone.Deploy.0 = Debug|Any CPU
		{59EF4195-FD04-4E24-A536-BA4A3349FFFE}.Debug|iPhoneSimulator.ActiveCfg = Debug|Any CPU
		{59EF4195-FD04-4E24-A536-BA4A3349FFFE}.Debug|iPhoneSimulator.Build.0 = Debug|Any CPU
		{59EF4195-FD04-4E24-A536-BA4A3349FFFE}.Debug|iPhoneSimulator.Deploy.0 = Debug|Any CPU
		{59EF4195-FD04-4E24-A536-BA4A3349FFFE}.Release|Any CPU.ActiveCfg = Release|Any CPU
		{59EF4195-FD04-4E24-A536-BA4A3349FFFE}.Release|Any CPU.Build.0 = Release|Any CPU
		{59EF4195-FD04-4E24-A536-BA4A3349FFFE}.Release|Any CPU.Deploy.0 = Release|Any CPU
		{59EF4195-FD04-4E24-A536-BA4A3349FFFE}.Release|iPhone.ActiveCfg = Release|Any CPU
		{59EF4195-FD04-4E24-A536-BA4A3349FFFE}.Release|iPhone.Build.0 = Release|Any CPU
		{59EF4195-FD04-4E24-A536-BA4A3349FFFE}.Release|iPhone.Deploy.0 = Release|Any CPU
		{59EF4195-FD04-4E24-A536-BA4A3349FFFE}.Release|iPhoneSimulator.ActiveCfg = Release|Any CPU
		{59EF4195-FD04-4E24-A536-BA4A3349FFFE}.Release|iPhoneSimulator.Build.0 = Release|Any CPU
		{59EF4195-FD04-4E24-A536-BA4A3349FFFE}.Release|iPhoneSimulator.Deploy.0 = Release|Any CPU
		{8B4326B3-B628-4345-8C09-2DA321AFAF00}.Debug|Any CPU.ActiveCfg = Debug|iPhone
		{8B4326B3-B628-4345-8C09-2DA321AFAF00}.Debug|Any CPU.Build.0 = Debug|iPhone
		{8B4326B3-B628-4345-8C09-2DA321AFAF00}.Debug|Any CPU.Deploy.0 = Debug|iPhone
		{8B4326B3-B628-4345-8C09-2DA321AFAF00}.Debug|iPhone.ActiveCfg = Debug|iPhone
		{8B4326B3-B628-4345-8C09-2DA321AFAF00}.Debug|iPhone.Build.0 = Debug|iPhone
		{8B4326B3-B628-4345-8C09-2DA321AFAF00}.Debug|iPhone.Deploy.0 = Debug|iPhone
		{8B4326B3-B628-4345-8C09-2DA321AFAF00}.Debug|iPhoneSimulator.ActiveCfg = Debug|iPhoneSimulator
		{8B4326B3-B628-4345-8C09-2DA321AFAF00}.Debug|iPhoneSimulator.Build.0 = Debug|iPhoneSimulator
		{8B4326B3-B628-4345-8C09-2DA321AFAF00}.Debug|iPhoneSimulator.Deploy.0 = Debug|iPhoneSimulator
		{8B4326B3-B628-4345-8C09-2DA321AFAF00}.Release|Any CPU.ActiveCfg = Release|iPhoneSimulator
		{8B4326B3-B628-4345-8C09-2DA321AFAF00}.Release|Any CPU.Build.0 = Release|iPhoneSimulator
		{8B4326B3-B628-4345-8C09-2DA321AFAF00}.Release|Any CPU.Deploy.0 = Release|iPhoneSimulator
		{8B4326B3-B628-4345-8C09-2DA321AFAF00}.Release|iPhone.ActiveCfg = Release|iPhone
		{8B4326B3-B628-4345-8C09-2DA321AFAF00}.Release|iPhone.Build.0 = Release|iPhone
		{8B4326B3-B628-4345-8C09-2DA321AFAF00}.Release|iPhone.Deploy.0 = Release|iPhone
		{8B4326B3-B628-4345-8C09-2DA321AFAF00}.Release|iPhoneSimulator.ActiveCfg = Release|iPhoneSimulator
		{8B4326B3-B628-4345-8C09-2DA321AFAF00}.Release|iPhoneSimulator.Build.0 = Release|iPhoneSimulator
		{8B4326B3-B628-4345-8C09-2DA321AFAF00}.Release|iPhoneSimulator.Deploy.0 = Release|iPhoneSimulator
		{09ECD32A-1402-4E2D-B27D-A9E62DF244B2}.Debug|Any CPU.ActiveCfg = Debug|Any CPU
		{09ECD32A-1402-4E2D-B27D-A9E62DF244B2}.Debug|Any CPU.Build.0 = Debug|Any CPU
		{09ECD32A-1402-4E2D-B27D-A9E62DF244B2}.Debug|Any CPU.Deploy.0 = Debug|Any CPU
		{09ECD32A-1402-4E2D-B27D-A9E62DF244B2}.Debug|iPhone.ActiveCfg = Debug|Any CPU
		{09ECD32A-1402-4E2D-B27D-A9E62DF244B2}.Debug|iPhone.Build.0 = Debug|Any CPU
		{09ECD32A-1402-4E2D-B27D-A9E62DF244B2}.Debug|iPhone.Deploy.0 = Debug|Any CPU
		{09ECD32A-1402-4E2D-B27D-A9E62DF244B2}.Debug|iPhoneSimulator.ActiveCfg = Debug|Any CPU
		{09ECD32A-1402-4E2D-B27D-A9E62DF244B2}.Debug|iPhoneSimulator.Build.0 = Debug|Any CPU
		{09ECD32A-1402-4E2D-B27D-A9E62DF244B2}.Debug|iPhoneSimulator.Deploy.0 = Debug|Any CPU
		{09ECD32A-1402-4E2D-B27D-A9E62DF244B2}.Release|Any CPU.ActiveCfg = Release|Any CPU
		{09ECD32A-1402-4E2D-B27D-A9E62DF244B2}.Release|Any CPU.Build.0 = Release|Any CPU
		{09ECD32A-1402-4E2D-B27D-A9E62DF244B2}.Release|Any CPU.Deploy.0 = Release|Any CPU
		{09ECD32A-1402-4E2D-B27D-A9E62DF244B2}.Release|iPhone.ActiveCfg = Release|Any CPU
		{09ECD32A-1402-4E2D-B27D-A9E62DF244B2}.Release|iPhone.Build.0 = Release|Any CPU
		{09ECD32A-1402-4E2D-B27D-A9E62DF244B2}.Release|iPhone.Deploy.0 = Release|Any CPU
		{09ECD32A-1402-4E2D-B27D-A9E62DF244B2}.Release|iPhoneSimulator.ActiveCfg = Release|Any CPU
		{09ECD32A-1402-4E2D-B27D-A9E62DF244B2}.Release|iPhoneSimulator.Build.0 = Release|Any CPU
		{09ECD32A-1402-4E2D-B27D-A9E62DF244B2}.Release|iPhoneSimulator.Deploy.0 = Release|Any CPU
	EndGlobalSection
	GlobalSection(SolutionProperties) = preSolution
		HideSolutionNode = FALSE
	EndGlobalSection
	GlobalSection(ExtensibilityGlobals) = postSolution
		SolutionGuid = {88AA3AD2-306E-4679-9028-C4F22C6B5AEC}
	EndGlobalSection
EndGlobal
